{
  "name": "smarthold-contracts",
  "version": "1.0.0",
  "lockfileVersion": 2,
  "requires": true,
  "packages": {
    "": {
      "name": "smarthold-contracts",
      "version": "1.0.0",
      "license": "ISC",
      "devDependencies": {
        "ganache-time-traveler": "^1.0.15"
      }
    },
    "node_modules/ganache-time-traveler": {
      "version": "1.0.15",
      "resolved": "https://registry.npmjs.org/ganache-time-traveler/-/ganache-time-traveler-1.0.15.tgz",
      "integrity": "sha512-3yoSbvvqSRA13w/SrNGy5tniwdwuRSAMrltGaOZAoqjnhpWkbVlGOVkdiEA/69dN4ZTArwJr1lWpiPzwqTWNCA==",
      "dev": true
    }
  },
  "dependencies": {
    "ganache-time-traveler": {
      "version": "1.0.15",
      "resolved": "https://registry.npmjs.org/ganache-time-traveler/-/ganache-time-traveler-1.0.15.tgz",
      "integrity": "sha512-3yoSbvvqSRA13w/SrNGy5tniwdwuRSAMrltGaOZAoqjnhpWkbVlGOVkdiEA/69dN4ZTArwJr1lWpiPzwqTWNCA==",
      "dev": true
    }
  }
}
